// !$*UTF8*$!
{
	archiveVersion = 1;
	classes = {
	};
	objectVersion = 46;
	objects = {

/* Begin PBXBuildFile section */
		2A48101F1D4CB87000F7D34C /* NSColor+ColorCode.swift in Sources */ = {isa = PBXBuildFile; fileRef = 2A48101E1D4CB87000F7D34C /* NSColor+ColorCode.swift */; };
		2A4810211D4CB8AA00F7D34C /* NSColor+HSL.swift in Sources */ = {isa = PBXBuildFile; fileRef = 2A4810201D4CB8AA00F7D34C /* NSColor+HSL.swift */; };
		2A7A1D491D4BDC84001B74B8 /* ColorCodeTests.swift in Sources */ = {isa = PBXBuildFile; fileRef = 2A7A1D481D4BDC84001B74B8 /* ColorCodeTests.swift */; };
/* End PBXBuildFile section */

/* Begin PBXFileReference section */
		2A07502B19B563500020EA75 /* WFColorCodeTests.xctest */ = {isa = PBXFileReference; explicitFileType = wrapper.cfbundle; includeInIndex = 0; path = WFColorCodeTests.xctest; sourceTree = BUILT_PRODUCTS_DIR; };
		2A07503019B563500020EA75 /* Info.plist */ = {isa = PBXFileReference; lastKnownFileType = text.plist.xml; path = Info.plist; sourceTree = "<group>"; };
		2A48101E1D4CB87000F7D34C /* NSColor+ColorCode.swift */ = {isa = PBXFileReference; fileEncoding = 4; lastKnownFileType = sourcecode.swift; path = "NSColor+ColorCode.swift"; sourceTree = "<group>"; };
		2A4810201D4CB8AA00F7D34C /* NSColor+HSL.swift */ = {isa = PBXFileReference; fileEncoding = 4; lastKnownFileType = sourcecode.swift; path = "NSColor+HSL.swift"; sourceTree = "<group>"; };
		2A7A1D481D4BDC84001B74B8 /* ColorCodeTests.swift */ = {isa = PBXFileReference; fileEncoding = 4; lastKnownFileType = sourcecode.swift; path = ColorCodeTests.swift; sourceTree = "<group>"; };
/* End PBXFileReference section */

/* Begin PBXFrameworksBuildPhase section */
		2A07502819B563500020EA75 /* Frameworks */ = {
			isa = PBXFrameworksBuildPhase;
			buildActionMask = 2147483647;
			files = (
			);
			runOnlyForDeploymentPostprocessing = 0;
		};
/* End PBXFrameworksBuildPhase section */

/* Begin PBXGroup section */
		2A07500F19B563500020EA75 = {
			isa = PBXGroup;
			children = (
				2A07501A19B563500020EA75 /* WFColorCode */,
				2A07502E19B563500020EA75 /* WFColorCodeTests */,
				2A07501919B563500020EA75 /* Products */,
			);
			sourceTree = "<group>";
		};
		2A07501919B563500020EA75 /* Products */ = {
			isa = PBXGroup;
			children = (
				2A07502B19B563500020EA75 /* WFColorCodeTests.xctest */,
			);
			name = Products;
			sourceTree = "<group>";
		};
		2A07501A19B563500020EA75 /* WFColorCode */ = {
			isa = PBXGroup;
			children = (
				2A48101E1D4CB87000F7D34C /* NSColor+ColorCode.swift */,
				2A4810201D4CB8AA00F7D34C /* NSColor+HSL.swift */,
			);
			name = WFColorCode;
			path = ../Classes;
			sourceTree = "<group>";
		};
		2A07502E19B563500020EA75 /* WFColorCodeTests */ = {
			isa = PBXGroup;
			children = (
				2A7A1D481D4BDC84001B74B8 /* ColorCodeTests.swift */,
				2A07502F19B563500020EA75 /* Supporting Files */,
			);
			path = WFColorCodeTests;
			sourceTree = "<group>";
		};
		2A07502F19B563500020EA75 /* Supporting Files */ = {
			isa = PBXGroup;
			children = (
				2A07503019B563500020EA75 /* Info.plist */,
			);
			name = "Supporting Files";
			sourceTree = "<group>";
		};
/* End PBXGroup section */

/* Begin PBXNativeTarget section */
		2A07502A19B563500020EA75 /* WFColorCodeTests */ = {
			isa = PBXNativeTarget;
			buildConfigurationList = 2A07503819B563500020EA75 /* Build configuration list for PBXNativeTarget "WFColorCodeTests" */;
			buildPhases = (
				2A07502719B563500020EA75 /* Sources */,
				2A07502819B563500020EA75 /* Frameworks */,
				2A07502919B563500020EA75 /* Resources */,
			);
			buildRules = (
			);
			dependencies = (
			);
			name = WFColorCodeTests;
			productName = WFColorCodeTests;
			productReference = 2A07502B19B563500020EA75 /* WFColorCodeTests.xctest */;
			productType = "com.apple.product-type.bundle.unit-test";
		};
/* End PBXNativeTarget section */

/* Begin PBXProject section */
		2A07501019B563500020EA75 /* Project object */ = {
			isa = PBXProject;
			attributes = {
				CLASSPREFIX = WF;
				LastUpgradeCheck = 0800;
				ORGANIZATIONNAME = 1024jp;
				TargetAttributes = {
					2A07502A19B563500020EA75 = {
						CreatedOnToolsVersion = 6.0;
						LastSwiftMigration = 0800;
						TestTargetID = 2A07501719B563500020EA75;
					};
				};
			};
			buildConfigurationList = 2A07501319B563500020EA75 /* Build configuration list for PBXProject "WFColorCode" */;
			compatibilityVersion = "Xcode 3.2";
			developmentRegion = English;
			hasScannedForEncodings = 0;
			knownRegions = (
				en,
			);
			mainGroup = 2A07500F19B563500020EA75;
			productRefGroup = 2A07501919B563500020EA75 /* Products */;
			projectDirPath = "";
			projectRoot = "";
			targets = (
				2A07502A19B563500020EA75 /* WFColorCodeTests */,
			);
		};
/* End PBXProject section */

/* Begin PBXResourcesBuildPhase section */
		2A07502919B563500020EA75 /* Resources */ = {
			isa = PBXResourcesBuildPhase;
			buildActionMask = 2147483647;
			files = (
			);
			runOnlyForDeploymentPostprocessing = 0;
		};
/* End PBXResourcesBuildPhase section */

/* Begin PBXSourcesBuildPhase section */
		2A07502719B563500020EA75 /* Sources */ = {
			isa = PBXSourcesBuildPhase;
			buildActionMask = 2147483647;
			files = (
				2A48101F1D4CB87000F7D34C /* NSColor+ColorCode.swift in Sources */,
				2A7A1D491D4BDC84001B74B8 /* ColorCodeTests.swift in Sources */,
				2A4810211D4CB8AA00F7D34C /* NSColor+HSL.swift in Sources */,
			);
			runOnlyForDeploymentPostprocessing = 0;
		};
/* End PBXSourcesBuildPhase section */

/* Begin XCBuildConfiguration section */
		2A07503319B563500020EA75 /* Debug */ = {
			isa = XCBuildConfiguration;
			buildSettings = {
				ALWAYS_SEARCH_USER_PATHS = NO;
				CLANG_CXX_LANGUAGE_STANDARD = "gnu++0x";
				CLANG_CXX_LIBRARY = "libc++";
				CLANG_ENABLE_MODULES = YES;
				CLANG_ENABLE_OBJC_ARC = YES;
				CLANG_WARN_BOOL_CONVERSION = YES;
				CLANG_WARN_CONSTANT_CONVERSION = YES;
				CLANG_WARN_DIRECT_OBJC_ISA_USAGE = YES_ERROR;
				CLANG_WARN_DOCUMENTATION_COMMENTS = YES;
				CLANG_WARN_EMPTY_BODY = YES;
				CLANG_WARN_ENUM_CONVERSION = YES;
				CLANG_WARN_INT_CONVERSION = YES;
				CLANG_WARN_OBJC_ROOT_CLASS = YES_ERROR;
				CLANG_WARN_UNREACHABLE_CODE = YES;
				CLANG_WARN__DUPLICATE_METHOD_MATCH = YES;
				CODE_SIGN_IDENTITY = "-";
				COMBINE_HIDPI_IMAGES = YES;
				COPY_PHASE_STRIP = NO;
				ENABLE_STRICT_OBJC_MSGSEND = YES;
				ENABLE_TESTABILITY = YES;
				GCC_C_LANGUAGE_STANDARD = gnu99;
				GCC_DYNAMIC_NO_PIC = NO;
				GCC_NO_COMMON_BLOCKS = YES;
				GCC_OPTIMIZATION_LEVEL = 0;
				GCC_PREPROCESSOR_DEFINITIONS = (
					"DEBUG=1",
					"$(inherited)",
				);
				GCC_SYMBOLS_PRIVATE_EXTERN = NO;
				GCC_WARN_64_TO_32_BIT_CONVERSION = YES;
				GCC_WARN_ABOUT_RETURN_TYPE = YES_ERROR;
				GCC_WARN_UNDECLARED_SELECTOR = YES;
				GCC_WARN_UNINITIALIZED_AUTOS = YES_AGGRESSIVE;
				GCC_WARN_UNUSED_FUNCTION = YES;
				GCC_WARN_UNUSED_VARIABLE = YES;
				MACOSX_DEPLOYMENT_TARGET = 10.7;
				MTL_ENABLE_DEBUG_INFO = YES;
				ONLY_ACTIVE_ARCH = YES;
				SDKROOT = macosx;
				SWIFT_VERSION = 3.0;
			};
			name = Debug;
		};
		2A07503419B563500020EA75 /* Release */ = {
			isa = XCBuildConfiguration;
			buildSettings = {
				ALWAYS_SEARCH_USER_PATHS = NO;
				CLANG_CXX_LANGUAGE_STANDARD = "gnu++0x";
				CLANG_CXX_LIBRARY = "libc++";
				CLANG_ENABLE_MODULES = YES;
				CLANG_ENABLE_OBJC_ARC = YES;
				CLANG_WARN_BOOL_CONVERSION = YES;
				CLANG_WARN_CONSTANT_CONVERSION = YES;
				CLANG_WARN_DIRECT_OBJC_ISA_USAGE = YES_ERROR;
				CLANG_WARN_DOCUMENTATION_COMMENTS = YES;
				CLANG_WARN_EMPTY_BODY = YES;
				CLANG_WARN_ENUM_CONVERSION = YES;
				CLANG_WARN_INT_CONVERSION = YES;
				CLANG_WARN_OBJC_ROOT_CLASS = YES_ERROR;
				CLANG_WARN_UNREACHABLE_CODE = YES;
				CLANG_WARN__DUPLICATE_METHOD_MATCH = YES;
				CODE_SIGN_IDENTITY = "-";
				COMBINE_HIDPI_IMAGES = YES;
				COPY_PHASE_STRIP = YES;
				DEBUG_INFORMATION_FORMAT = "dwarf-with-dsym";
				ENABLE_NS_ASSERTIONS = NO;
				ENABLE_STRICT_OBJC_MSGSEND = YES;
				GCC_C_LANGUAGE_STANDARD = gnu99;
				GCC_NO_COMMON_BLOCKS = YES;
				GCC_WARN_64_TO_32_BIT_CONVERSION = YES;
				GCC_WARN_ABOUT_RETURN_TYPE = YES_ERROR;
				GCC_WARN_UNDECLARED_SELECTOR = YES;
				GCC_WARN_UNINITIALIZED_AUTOS = YES_AGGRESSIVE;
				GCC_WARN_UNUSED_FUNCTION = YES;
				GCC_WARN_UNUSED_VARIABLE = YES;
				MACOSX_DEPLOYMENT_TARGET = 10.7;
				MTL_ENABLE_DEBUG_INFO = NO;
				SDKROOT = macosx;
				SWIFT_VERSION = 3.0;
			};
			name = Release;
		};
		2A07503919B563500020EA75 /* Debug */ = {
			isa = XCBuildConfiguration;
			buildSettings = {
				BUNDLE_LOADER = "$(TEST_HOST)";
				FRAMEWORK_SEARCH_PATHS = (
					"$(DEVELOPER_FRAMEWORKS_DIR)",
					"$(inherited)",
				);
				INFOPLIST_FILE = WFColorCodeTests/Info.plist;
				LD_RUNPATH_SEARCH_PATHS = "$(inherited) @executable_path/../Frameworks @loader_path/../Frameworks";
				MACOSX_DEPLOYMENT_TARGET = 10.9;
				PRODUCT_BUNDLE_IDENTIFIER = "com.wolfrosch.$(PRODUCT_NAME:rfc1034identifier)";
				PRODUCT_NAME = "$(TARGET_NAME)";
				SWIFT_OPTIMIZATION_LEVEL = "-Onone";
			};
			name = Debug;
		};
		2A07503A19B563500020EA75 /* Release */ = {
			isa = XCBuildConfiguration;
			buildSettings = {
				BUNDLE_LOADER = "$(TEST_HOST)";
				FRAMEWORK_SEARCH_PATHS = (
					"$(DEVELOPER_FRAMEWORKS_DIR)",
					"$(inherited)",
				);
				INFOPLIST_FILE = WFColorCodeTests/Info.plist;
				LD_RUNPATH_SEARCH_PATHS = "$(inherited) @executable_path/../Frameworks @loader_path/../Frameworks";
				MACOSX_DEPLOYMENT_TARGET = 10.9;
				PRODUCT_BUNDLE_IDENTIFIER = "com.wolfrosch.$(PRODUCT_NAME:rfc1034identifier)";
				PRODUCT_NAME = "$(TARGET_NAME)";
			};
			name = Release;
		};
/* End XCBuildConfiguration section */

/* Begin XCConfigurationList section */
		2A07501319B563500020EA75 /* Build configuration list for PBXProject "WFColorCode" */ = {
			isa = XCConfigurationList;
			buildConfigurations = (
				2A07503319B563500020EA75 /* Debug */,
				2A07503419B563500020EA75 /* Release */,
			);
			defaultConfigurationIsVisible = 0;
			defaultConfigurationName = Release;
		};
		2A07503819B563500020EA75 /* Build configuration list for PBXNativeTarget "WFColorCodeTests" */ = {
			isa = XCConfigurationList;
			buildConfigurations = (
				2A07503919B563500020EA75 /* Debug */,
				2A07503A19B563500020EA75 /* Release */,
			);
			defaultConfigurationIsVisible = 0;
			defaultConfigurationName = Release;
		};
/* End XCConfigurationList section */
	};
	rootObject = 2A07501019B563500020EA75 /* Project object */;
}
